// !$*UTF8*$!
{
	archiveVersion = 1;
	classes = {
	};
	objectVersion = 56;
	objects = {

/* Begin PBXBuildFile section */
		43BE0D4629E63D39001B5963 /* AppDelegate.swift in Sources */ = {isa = PBXBuildFile; fileRef = 43BE0D4529E63D39001B5963 /* AppDelegate.swift */; };
		43BE0D4829E63D39001B5963 /* SceneDelegate.swift in Sources */ = {isa = PBXBuildFile; fileRef = 43BE0D4729E63D39001B5963 /* SceneDelegate.swift */; };
		43BE0D4A29E63D39001B5963 /* ViewController.swift in Sources */ = {isa = PBXBuildFile; fileRef = 43BE0D4929E63D39001B5963 /* ViewController.swift */; };
		43BE0D4D29E63D39001B5963 /* Main.storyboard in Resources */ = {isa = PBXBuildFile; fileRef = 43BE0D4B29E63D39001B5963 /* Main.storyboard */; };
		43BE0D4F29E63D3B001B5963 /* Assets.xcassets in Resources */ = {isa = PBXBuildFile; fileRef = 43BE0D4E29E63D3B001B5963 /* Assets.xcassets */; };
		43BE0D5229E63D3B001B5963 /* LaunchScreen.storyboard in Resources */ = {isa = PBXBuildFile; fileRef = 43BE0D5029E63D3B001B5963 /* LaunchScreen.storyboard */; };
		43BE0D5E29E63E03001B5963 /* CustomTableViewCell.swift in Sources */ = {isa = PBXBuildFile; fileRef = 43BE0D5C29E63E03001B5963 /* CustomTableViewCell.swift */; };
		43BE0D5F29E63E03001B5963 /* CustomTableViewCell.xib in Resources */ = {isa = PBXBuildFile; fileRef = 43BE0D5D29E63E03001B5963 /* CustomTableViewCell.xib */; };
		43BE0D6129E63E9A001B5963 /* Company.swift in Sources */ = {isa = PBXBuildFile; fileRef = 43BE0D6029E63E9A001B5963 /* Company.swift */; };
/* End PBXBuildFile section */

/* Begin PBXFileReference section */
		43BE0D4229E63D39001B5963 /* appTableView.app */ = {isa = PBXFileReference; explicitFileType = wrapper.application; includeInIndex = 0; path = appTableView.app; sourceTree = BUILT_PRODUCTS_DIR; };
		43BE0D4529E63D39001B5963 /* AppDelegate.swift */ = {isa = PBXFileReference; lastKnownFileType = sourcecode.swift; path = AppDelegate.swift; sourceTree = "<group>"; };
		43BE0D4729E63D39001B5963 /* SceneDelegate.swift */ = {isa = PBXFileReference; lastKnownFileType = sourcecode.swift; path = SceneDelegate.swift; sourceTree = "<group>"; };
		43BE0D4929E63D39001B5963 /* ViewController.swift */ = {isa = PBXFileReference; lastKnownFileType = sourcecode.swift; path = ViewController.swift; sourceTree = "<group>"; };
		43BE0D4C29E63D39001B5963 /* Base */ = {isa = PBXFileReference; lastKnownFileType = file.storyboard; name = Base; path = Base.lproj/Main.storyboard; sourceTree = "<group>"; };
		43BE0D4E29E63D3B001B5963 /* Assets.xcassets */ = {isa = PBXFileReference; lastKnownFileType = folder.assetcatalog; path = Assets.xcassets; sourceTree = "<group>"; };
		43BE0D5129E63D3B001B5963 /* Base */ = {isa = PBXFileReference; lastKnownFileType = file.storyboard; name = Base; path = Base.lproj/LaunchScreen.storyboard; sourceTree = "<group>"; };
		43BE0D5329E63D3B001B5963 /* Info.plist */ = {isa = PBXFileReference; lastKnownFileType = text.plist.xml; path = Info.plist; sourceTree = "<group>"; };
		43BE0D5C29E63E03001B5963 /* CustomTableViewCell.swift */ = {isa = PBXFileReference; lastKnownFileType = sourcecode.swift; path = CustomTableViewCell.swift; sourceTree = "<group>"; };
		43BE0D5D29E63E03001B5963 /* CustomTableViewCell.xib */ = {isa = PBXFileReference; lastKnownFileType = file.xib; path = CustomTableViewCell.xib; sourceTree = "<group>"; };
		43BE0D6029E63E9A001B5963 /* Company.swift */ = {isa = PBXFileReference; lastKnownFileType = sourcecode.swift; path = Company.swift; sourceTree = "<group>"; };
/* End PBXFileReference section */

/* Begin PBXFrameworksBuildPhase section */
		43BE0D3F29E63D39001B5963 /* Frameworks */ = {
			isa = PBXFrameworksBuildPhase;
			buildActionMask = 2147483647;
			files = (
			);
			runOnlyForDeploymentPostprocessing = 0;
		};
/* End PBXFrameworksBuildPhase section */

/* Begin PBXGroup section */
		43BE0D3929E63D39001B5963 = {
			isa = PBXGroup;
			children = (
				43BE0D4429E63D39001B5963 /* appTableView */,
				43BE0D4329E63D39001B5963 /* Products */,
			);
			sourceTree = "<group>";
		};
		43BE0D4329E63D39001B5963 /* Products */ = {
			isa = PBXGroup;
			children = (
				43BE0D4229E63D39001B5963 /* appTableView.app */,
			);
			name = Products;
			sourceTree = "<group>";
		};
		43BE0D4429E63D39001B5963 /* appTableView */ = {
			isa = PBXGroup;
			children = (
				43BE0D5929E63DDA001B5963 /* Model */,
				43BE0D5B29E63DEA001B5963 /* TableView */,
				43BE0D4529E63D39001B5963 /* AppDelegate.swift */,
				43BE0D4729E63D39001B5963 /* SceneDelegate.swift */,
				43BE0D4E29E63D3B001B5963 /* Assets.xcassets */,
				43BE0D5029E63D3B001B5963 /* LaunchScreen.storyboard */,
				43BE0D5329E63D3B001B5963 /* Info.plist */,
			);
			path = appTableView;
			sourceTree = "<group>";
		};
		43BE0D5929E63DDA001B5963 /* Model */ = {
			isa = PBXGroup;
			children = (
				43BE0D6029E63E9A001B5963 /* Company.swift */,
			);
			path = Model;
			sourceTree = "<group>";
		};
		43BE0D5A29E63DE2001B5963 /* Cell */ = {
			isa = PBXGroup;
			children = (
				43BE0D5C29E63E03001B5963 /* CustomTableViewCell.swift */,
				43BE0D5D29E63E03001B5963 /* CustomTableViewCell.xib */,
			);
			path = Cell;
			sourceTree = "<group>";
		};
		43BE0D5B29E63DEA001B5963 /* TableView */ = {
			isa = PBXGroup;
			children = (
				43BE0D5A29E63DE2001B5963 /* Cell */,
				43BE0D4929E63D39001B5963 /* ViewController.swift */,
				43BE0D4B29E63D39001B5963 /* Main.storyboard */,
			);
			path = TableView;
			sourceTree = "<group>";
		};
/* End PBXGroup section */

/* Begin PBXNativeTarget section */
		43BE0D4129E63D39001B5963 /* appTableView */ = {
			isa = PBXNativeTarget;
			buildConfigurationList = 43BE0D5629E63D3B001B5963 /* Build configuration list for PBXNativeTarget "appTableView" */;
			buildPhases = (
				43BE0D3E29E63D39001B5963 /* Sources */,
				43BE0D3F29E63D39001B5963 /* Frameworks */,
				43BE0D4029E63D39001B5963 /* Resources */,
			);
			buildRules = (
			);
			dependencies = (
			);
			name = appTableView;
			productName = appTableView;
			productReference = 43BE0D4229E63D39001B5963 /* appTableView.app */;
			productType = "com.apple.product-type.application";
		};
/* End PBXNativeTarget section */

/* Begin PBXProject section */
		43BE0D3A29E63D39001B5963 /* Project object */ = {
			isa = PBXProject;
			attributes = {
				BuildIndependentTargetsInParallel = 1;
				LastSwiftUpdateCheck = 1420;
				LastUpgradeCheck = 1420;
				TargetAttributes = {
					43BE0D4129E63D39001B5963 = {
						CreatedOnToolsVersion = 14.2;
					};
				};
			};
			buildConfigurationList = 43BE0D3D29E63D39001B5963 /* Build configuration list for PBXProject "appTableView" */;
			compatibilityVersion = "Xcode 14.0";
			developmentRegion = en;
			hasScannedForEncodings = 0;
			knownRegions = (
				en,
				Base,
			);
			mainGroup = 43BE0D3929E63D39001B5963;
			productRefGroup = 43BE0D4329E63D39001B5963 /* Products */;
			projectDirPath = "";
			projectRoot = "";
			targets = (
				43BE0D4129E63D39001B5963 /* appTableView */,
			);
		};
/* End PBXProject section */

/* Begin PBXResourcesBuildPhase section */
		43BE0D4029E63D39001B5963 /* Resources */ = {
			isa = PBXResourcesBuildPhase;
			buildActionMask = 2147483647;
			files = (
				43BE0D5229E63D3B001B5963 /* LaunchScreen.storyboard in Resources */,
				43BE0D4F29E63D3B001B5963 /* Assets.xcassets in Resources */,
				43BE0D5F29E63E03001B5963 /* CustomTableViewCell.xib in Resources */,
				43BE0D4D29E63D39001B5963 /* Main.storyboard in Resources */,
			);
			runOnlyForDeploymentPostprocessing = 0;
		};
/* End PBXResourcesBuildPhase section */

/* Begin PBXSourcesBuildPhase section */
		43BE0D3E29E63D39001B5963 /* Sources */ = {
			isa = PBXSourcesBuildPhase;
			buildActionMask = 2147483647;
			files = (
				43BE0D6129E63E9A001B5963 /* Company.swift in Sources */,
				43BE0D4A29E63D39001B5963 /* ViewController.swift in Sources */,
				43BE0D4629E63D39001B5963 /* AppDelegate.swift in Sources */,
				43BE0D5E29E63E03001B5963 /* CustomTableViewCell.swift in Sources */,
				43BE0D4829E63D39001B5963 /* SceneDelegate.swift in Sources */,
			);
			runOnlyForDeploymentPostprocessing = 0;
		};
/* End PBXSourcesBuildPhase section */

/* Begin PBXVariantGroup section */
		43BE0D4B29E63D39001B5963 /* Main.storyboard */ = {
			isa = PBXVariantGroup;
			children = (
				43BE0D4C29E63D39001B5963 /* Base */,
			);
			name = Main.storyboard;
			sourceTree = "<group>";
		};
		43BE0D5029E63D3B001B5963 /* LaunchScreen.storyboard */ = {
			isa = PBXVariantGroup;
			children = (
				43BE0D5129E63D3B001B5963 /* Base */,
			);
			name = LaunchScreen.storyboard;
			sourceTree = "<group>";
		};
/* End PBXVariantGroup section */

/* Begin XCBuildConfiguration section */
		43BE0D5429E63D3B001B5963 /* Debug */ = {
			isa = XCBuildConfiguration;
			buildSettings = {
				ALWAYS_SEARCH_USER_PATHS = NO;
				CLANG_ANALYZER_NONNULL = YES;
				CLANG_ANALYZER_NUMBER_OBJECT_CONVERSION = YES_AGGRESSIVE;
				CLANG_CXX_LANGUAGE_STANDARD = "gnu++20";
				CLANG_ENABLE_MODULES = YES;
				CLANG_ENABLE_OBJC_ARC = YES;
				CLANG_ENABLE_OBJC_WEAK = YES;
				CLANG_WARN_BLOCK_CAPTURE_AUTORELEASING = YES;
				CLANG_WARN_BOOL_CONVERSION = YES;
				CLANG_WARN_COMMA = YES;
				CLANG_WARN_CONSTANT_CONVERSION = YES;
				CLANG_WARN_DEPRECATED_OBJC_IMPLEMENTATIONS = YES;
				CLANG_WARN_DIRECT_OBJC_ISA_USAGE = YES_ERROR;
				CLANG_WARN_DOCUMENTATION_COMMENTS = YES;
				CLANG_WARN_EMPTY_BODY = YES;
				CLANG_WARN_ENUM_CONVERSION = YES;
				CLANG_WARN_INFINITE_RECURSION = YES;
				CLANG_WARN_INT_CONVERSION = YES;
				CLANG_WARN_NON_LITERAL_NULL_CONVERSION = YES;
				CLANG_WARN_OBJC_IMPLICIT_RETAIN_SELF = YES;
				CLANG_WARN_OBJC_LITERAL_CONVERSION = YES;
				CLANG_WARN_OBJC_ROOT_CLASS = YES_ERROR;
				CLANG_WARN_QUOTED_INCLUDE_IN_FRAMEWORK_HEADER = YES;
				CLANG_WARN_RANGE_LOOP_ANALYSIS = YES;
				CLANG_WARN_STRICT_PROTOTYPES = YES;
				CLANG_WARN_SUSPICIOUS_MOVE = YES;
				CLANG_WARN_UNGUARDED_AVAILABILITY = YES_AGGRESSIVE;
				CLANG_WARN_UNREACHABLE_CODE = YES;
				CLANG_WARN__DUPLICATE_METHOD_MATCH = YES;
				COPY_PHASE_STRIP = NO;
				DEBUG_INFORMATION_FORMAT = dwarf;
				ENABLE_STRICT_OBJC_MSGSEND = YES;
				ENABLE_TESTABILITY = YES;
				GCC_C_LANGUAGE_STANDARD = gnu11;
				GCC_DYNAMIC_NO_PIC = NO;
				GCC_NO_COMMON_BLOCKS = YES;
				GCC_OPTIMIZATION_LEVEL = 0;
				GCC_PREPROCESSOR_DEFINITIONS = (
					"DEBUG=1",
					"$(inherited)",
				);
				GCC_WARN_64_TO_32_BIT_CONVERSION = YES;
				GCC_WARN_ABOUT_RETURN_TYPE = YES_ERROR;
				GCC_WARN_UNDECLARED_SELECTOR = YES;
				GCC_WARN_UNINITIALIZED_AUTOS = YES_AGGRESSIVE;
				GCC_WARN_UNUSED_FUNCTION = YES;
				GCC_WARN_UNUSED_VARIABLE = YES;
				IPHONEOS_DEPLOYMENT_TARGET = 16.2;
				MTL_ENABLE_DEBUG_INFO = INCLUDE_SOURCE;
				MTL_FAST_MATH = YES;
				ONLY_ACTIVE_ARCH = YES;
				SDKROOT = iphoneos;
				SWIFT_ACTIVE_COMPILATION_CONDITIONS = DEBUG;
				SWIFT_OPTIMIZATION_LEVEL = "-Onone";
			};
			name = Debug;
		};
		43BE0D5529E63D3B001B5963 /* Release */ = {
			isa = XCBuildConfiguration;
			buildSettings = {
				ALWAYS_SEARCH_USER_PATHS = NO;
				CLANG_ANALYZER_NONNULL = YES;
				CLANG_ANALYZER_NUMBER_OBJECT_CONVERSION = YES_AGGRESSIVE;
				CLANG_CXX_LANGUAGE_STANDARD = "gnu++20";
				CLANG_ENABLE_MODULES = YES;
				CLANG_ENABLE_OBJC_ARC = YES;
				CLANG_ENABLE_OBJC_WEAK = YES;
				CLANG_WARN_BLOCK_CAPTURE_AUTORELEASING = YES;
				CLANG_WARN_BOOL_CONVERSION = YES;
				CLANG_WARN_COMMA = YES;
				CLANG_WARN_CONSTANT_CONVERSION = YES;
				CLANG_WARN_DEPRECATED_OBJC_IMPLEMENTATIONS = YES;
				CLANG_WARN_DIRECT_OBJC_ISA_USAGE = YES_ERROR;
				CLANG_WARN_DOCUMENTATION_COMMENTS = YES;
				CLANG_WARN_EMPTY_BODY = YES;
				CLANG_WARN_ENUM_CONVERSION = YES;
				CLANG_WARN_INFINITE_RECURSION = YES;
				CLANG_WARN_INT_CONVERSION = YES;
				CLANG_WARN_NON_LITERAL_NULL_CONVERSION = YES;
				CLANG_WARN_OBJC_IMPLICIT_RETAIN_SELF = YES;
				CLANG_WARN_OBJC_LITERAL_CONVERSION = YES;
				CLANG_WARN_OBJC_ROOT_CLASS = YES_ERROR;
				CLANG_WARN_QUOTED_INCLUDE_IN_FRAMEWORK_HEADER = YES;
				CLANG_WARN_RANGE_LOOP_ANALYSIS = YES;
				CLANG_WARN_STRICT_PROTOTYPES = YES;
				CLANG_WARN_SUSPICIOUS_MOVE = YES;
				CLANG_WARN_UNGUARDED_AVAILABILITY = YES_AGGRESSIVE;
				CLANG_WARN_UNREACHABLE_CODE = YES;
				CLANG_WARN__DUPLICATE_METHOD_MATCH = YES;
				COPY_PHASE_STRIP = NO;
				DEBUG_INFORMATION_FORMAT = "dwarf-with-dsym";
				ENABLE_NS_ASSERTIONS = NO;
				ENABLE_STRICT_OBJC_MSGSEND = YES;
				GCC_C_LANGUAGE_STANDARD = gnu11;
				GCC_NO_COMMON_BLOCKS = YES;
				GCC_WARN_64_TO_32_BIT_CONVERSION = YES;
				GCC_WARN_ABOUT_RETURN_TYPE = YES_ERROR;
				GCC_WARN_UNDECLARED_SELECTOR = YES;
				GCC_WARN_UNINITIALIZED_AUTOS = YES_AGGRESSIVE;
				GCC_WARN_UNUSED_FUNCTION = YES;
				GCC_WARN_UNUSED_VARIABLE = YES;
				IPHONEOS_DEPLOYMENT_TARGET = 16.2;
				MTL_ENABLE_DEBUG_INFO = NO;
				MTL_FAST_MATH = YES;
				SDKROOT = iphoneos;
				SWIFT_COMPILATION_MODE = wholemodule;
				SWIFT_OPTIMIZATION_LEVEL = "-O";
				VALIDATE_PRODUCT = YES;
			};
			name = Release;
		};
		43BE0D5729E63D3B001B5963 /* Debug */ = {
			isa = XCBuildConfiguration;
			buildSettings = {
				ASSETCATALOG_COMPILER_APPICON_NAME = AppIcon;
				ASSETCATALOG_COMPILER_GLOBAL_ACCENT_COLOR_NAME = AccentColor;
				CODE_SIGN_STYLE = Automatic;
				CURRENT_PROJECT_VERSION = 1;
				DEVELOPMENT_TEAM = H23T9FBM6Q;
				GENERATE_INFOPLIST_FILE = YES;
				INFOPLIST_FILE = appTableView/Info.plist;
				INFOPLIST_KEY_UIApplicationSupportsIndirectInputEvents = YES;
				INFOPLIST_KEY_UILaunchStoryboardName = LaunchScreen;
				INFOPLIST_KEY_UIMainStoryboardFile = Main;
				INFOPLIST_KEY_UISupportedInterfaceOrientations_iPad = "UIInterfaceOrientationPortrait UIInterfaceOrientationPortraitUpsideDown UIInterfaceOrientationLandscapeLeft UIInterfaceOrientationLandscapeRight";
				INFOPLIST_KEY_UISupportedInterfaceOrientations_iPhone = "UIInterfaceOrientationPortrait UIInterfaceOrientationLandscapeLeft UIInterfaceOrientationLandscapeRight";
				LD_RUNPATH_SEARCH_PATHS = (
					"$(inherited)",
					"@executable_path/Frameworks",
				);
				MARKETING_VERSION = 1.0;
				PRODUCT_BUNDLE_IDENTIFIER = br.com.eduescaleira.appTableView;
				PRODUCT_NAME = "$(TARGET_NAME)";
				SWIFT_EMIT_LOC_STRINGS = YES;
				SWIFT_VERSION = 5.0;
				TARGETED_DEVICE_FAMILY = "1,2";
			};
			name = Debug;
		};
		43BE0D5829E63D3B001B5963 /* Release */ = {
			isa = XCBuildConfiguration;
			buildSettings = {
				ASSETCATALOG_COMPILER_APPICON_NAME = AppIcon;
				ASSETCATALOG_COMPILER_GLOBAL_ACCENT_COLOR_NAME = AccentColor;
				CODE_SIGN_STYLE = Automatic;
				CURRENT_PROJECT_VERSION = 1;
				DEVELOPMENT_TEAM = H23T9FBM6Q;
				GENERATE_INFOPLIST_FILE = YES;
				INFOPLIST_FILE = appTableView/Info.plist;
				INFOPLIST_KEY_UIApplicationSupportsIndirectInputEvents = YES;
				INFOPLIST_KEY_UILaunchStoryboardName = LaunchScreen;
				INFOPLIST_KEY_UIMainStoryboardFile = Main;
				INFOPLIST_KEY_UISupportedInterfaceOrientations_iPad = "UIInterfaceOrientationPortrait UIInterfaceOrientationPortraitUpsideDown UIInterfaceOrientationLandscapeLeft UIInterfaceOrientationLandscapeRight";
				INFOPLIST_KEY_UISupportedInterfaceOrientations_iPhone = "UIInterfaceOrientationPortrait UIInterfaceOrientationLandscapeLeft UIInterfaceOrientationLandscapeRight";
				LD_RUNPATH_SEARCH_PATHS = (
					"$(inherited)",
					"@executable_path/Frameworks",
				);
				MARKETING_VERSION = 1.0;
				PRODUCT_BUNDLE_IDENTIFIER = br.com.eduescaleira.appTableView;
				PRODUCT_NAME = "$(TARGET_NAME)";
				SWIFT_EMIT_LOC_STRINGS = YES;
				SWIFT_VERSION = 5.0;
				TARGETED_DEVICE_FAMILY = "1,2";
			};
			name = Release;
		};
/* End XCBuildConfiguration section */

/* Begin XCConfigurationList section */
		43BE0D3D29E63D39001B5963 /* Build configuration list for PBXProject "appTableView" */ = {
			isa = XCConfigurationList;
			buildConfigurations = (
				43BE0D5429E63D3B001B5963 /* Debug */,
				43BE0D5529E63D3B001B5963 /* Release */,
			);
			defaultConfigurationIsVisible = 0;
			defaultConfigurationName = Release;
		};
		43BE0D5629E63D3B001B5963 /* Build configuration list for PBXNativeTarget "appTableView" */ = {
			isa = XCConfigurationList;
			buildConfigurations = (
				43BE0D5729E63D3B001B5963 /* Debug */,
				43BE0D5829E63D3B001B5963 /* Release */,
			);
			defaultConfigurationIsVisible = 0;
			defaultConfigurationName = Release;
		};
/* End XCConfigurationList section */
	};
	rootObject = 43BE0D3A29E63D39001B5963 /* Project object */;
}
