// !$*UTF8*$!
{
	archiveVersion = 1;
	classes = {
	};
	objectVersion = 56;
	objects = {

/* Begin PBXBuildFile section */
		43047B6B2A0475B400D104F1 /* SecondViewController.storyboard in Resources */ = {isa = PBXBuildFile; fileRef = 43047B6A2A0475B400D104F1 /* SecondViewController.storyboard */; };
		43047B6D2A0475C200D104F1 /* SecondViewController.swift in Sources */ = {isa = PBXBuildFile; fileRef = 43047B6C2A0475C200D104F1 /* SecondViewController.swift */; };
		43E86C6D2A046BA400EC43CB /* AppDelegate.swift in Sources */ = {isa = PBXBuildFile; fileRef = 43E86C6C2A046BA400EC43CB /* AppDelegate.swift */; };
		43E86C6F2A046BA400EC43CB /* SceneDelegate.swift in Sources */ = {isa = PBXBuildFile; fileRef = 43E86C6E2A046BA400EC43CB /* SceneDelegate.swift */; };
		43E86C712A046BA400EC43CB /* ViewController.swift in Sources */ = {isa = PBXBuildFile; fileRef = 43E86C702A046BA400EC43CB /* ViewController.swift */; };
		43E86C742A046BA400EC43CB /* Main.storyboard in Resources */ = {isa = PBXBuildFile; fileRef = 43E86C722A046BA400EC43CB /* Main.storyboard */; };
		43E86C762A046BA500EC43CB /* Assets.xcassets in Resources */ = {isa = PBXBuildFile; fileRef = 43E86C752A046BA500EC43CB /* Assets.xcassets */; };
		43E86C792A046BA500EC43CB /* LaunchScreen.storyboard in Resources */ = {isa = PBXBuildFile; fileRef = 43E86C772A046BA500EC43CB /* LaunchScreen.storyboard */; };
/* End PBXBuildFile section */

/* Begin PBXFileReference section */
		43047B6A2A0475B400D104F1 /* SecondViewController.storyboard */ = {isa = PBXFileReference; lastKnownFileType = file.storyboard; path = SecondViewController.storyboard; sourceTree = "<group>"; };
		43047B6C2A0475C200D104F1 /* SecondViewController.swift */ = {isa = PBXFileReference; lastKnownFileType = sourcecode.swift; path = SecondViewController.swift; sourceTree = "<group>"; };
		43E86C692A046BA400EC43CB /* NotificationCenterAndProtocol.app */ = {isa = PBXFileReference; explicitFileType = wrapper.application; includeInIndex = 0; path = NotificationCenterAndProtocol.app; sourceTree = BUILT_PRODUCTS_DIR; };
		43E86C6C2A046BA400EC43CB /* AppDelegate.swift */ = {isa = PBXFileReference; lastKnownFileType = sourcecode.swift; path = AppDelegate.swift; sourceTree = "<group>"; };
		43E86C6E2A046BA400EC43CB /* SceneDelegate.swift */ = {isa = PBXFileReference; lastKnownFileType = sourcecode.swift; path = SceneDelegate.swift; sourceTree = "<group>"; };
		43E86C702A046BA400EC43CB /* ViewController.swift */ = {isa = PBXFileReference; lastKnownFileType = sourcecode.swift; path = ViewController.swift; sourceTree = "<group>"; };
		43E86C732A046BA400EC43CB /* Base */ = {isa = PBXFileReference; lastKnownFileType = file.storyboard; name = Base; path = Base.lproj/Main.storyboard; sourceTree = "<group>"; };
		43E86C752A046BA500EC43CB /* Assets.xcassets */ = {isa = PBXFileReference; lastKnownFileType = folder.assetcatalog; path = Assets.xcassets; sourceTree = "<group>"; };
		43E86C782A046BA500EC43CB /* Base */ = {isa = PBXFileReference; lastKnownFileType = file.storyboard; name = Base; path = Base.lproj/LaunchScreen.storyboard; sourceTree = "<group>"; };
		43E86C7A2A046BA500EC43CB /* Info.plist */ = {isa = PBXFileReference; lastKnownFileType = text.plist.xml; path = Info.plist; sourceTree = "<group>"; };
/* End PBXFileReference section */

/* Begin PBXFrameworksBuildPhase section */
		43E86C662A046BA400EC43CB /* Frameworks */ = {
			isa = PBXFrameworksBuildPhase;
			buildActionMask = 2147483647;
			files = (
			);
			runOnlyForDeploymentPostprocessing = 0;
		};
/* End PBXFrameworksBuildPhase section */

/* Begin PBXGroup section */
		43047B6F2A0478C400D104F1 /* SecondScreen */ = {
			isa = PBXGroup;
			children = (
				43047B6A2A0475B400D104F1 /* SecondViewController.storyboard */,
				43047B6C2A0475C200D104F1 /* SecondViewController.swift */,
			);
			path = SecondScreen;
			sourceTree = "<group>";
		};
		43E86C602A046BA400EC43CB = {
			isa = PBXGroup;
			children = (
				43E86C6B2A046BA400EC43CB /* NotificationCenterAndProtocol */,
				43E86C6A2A046BA400EC43CB /* Products */,
			);
			sourceTree = "<group>";
		};
		43E86C6A2A046BA400EC43CB /* Products */ = {
			isa = PBXGroup;
			children = (
				43E86C692A046BA400EC43CB /* NotificationCenterAndProtocol.app */,
			);
			name = Products;
			sourceTree = "<group>";
		};
		43E86C6B2A046BA400EC43CB /* NotificationCenterAndProtocol */ = {
			isa = PBXGroup;
			children = (
				43E86C6C2A046BA400EC43CB /* AppDelegate.swift */,
				43E86C6E2A046BA400EC43CB /* SceneDelegate.swift */,
				43E86C702A046BA400EC43CB /* ViewController.swift */,
				43E86C722A046BA400EC43CB /* Main.storyboard */,
				43E86C752A046BA500EC43CB /* Assets.xcassets */,
				43E86C772A046BA500EC43CB /* LaunchScreen.storyboard */,
				43E86C7A2A046BA500EC43CB /* Info.plist */,
				43047B6F2A0478C400D104F1 /* SecondScreen */,
			);
			path = NotificationCenterAndProtocol;
			sourceTree = "<group>";
		};
/* End PBXGroup section */

/* Begin PBXNativeTarget section */
		43E86C682A046BA400EC43CB /* NotificationCenterAndProtocol */ = {
			isa = PBXNativeTarget;
			buildConfigurationList = 43E86C7D2A046BA500EC43CB /* Build configuration list for PBXNativeTarget "NotificationCenterAndProtocol" */;
			buildPhases = (
				43E86C652A046BA400EC43CB /* Sources */,
				43E86C662A046BA400EC43CB /* Frameworks */,
				43E86C672A046BA400EC43CB /* Resources */,
			);
			buildRules = (
			);
			dependencies = (
			);
			name = NotificationCenterAndProtocol;
			productName = NotificationCenterAndProtocol;
			productReference = 43E86C692A046BA400EC43CB /* NotificationCenterAndProtocol.app */;
			productType = "com.apple.product-type.application";
		};
/* End PBXNativeTarget section */

/* Begin PBXProject section */
		43E86C612A046BA400EC43CB /* Project object */ = {
			isa = PBXProject;
			attributes = {
				BuildIndependentTargetsInParallel = 1;
				LastSwiftUpdateCheck = 1420;
				LastUpgradeCheck = 1420;
				TargetAttributes = {
					43E86C682A046BA400EC43CB = {
						CreatedOnToolsVersion = 14.2;
					};
				};
			};
			buildConfigurationList = 43E86C642A046BA400EC43CB /* Build configuration list for PBXProject "NotificationCenterAndProtocol" */;
			compatibilityVersion = "Xcode 14.0";
			developmentRegion = en;
			hasScannedForEncodings = 0;
			knownRegions = (
				en,
				Base,
			);
			mainGroup = 43E86C602A046BA400EC43CB;
			productRefGroup = 43E86C6A2A046BA400EC43CB /* Products */;
			projectDirPath = "";
			projectRoot = "";
			targets = (
				43E86C682A046BA400EC43CB /* NotificationCenterAndProtocol */,
			);
		};
/* End PBXProject section */

/* Begin PBXResourcesBuildPhase section */
		43E86C672A046BA400EC43CB /* Resources */ = {
			isa = PBXResourcesBuildPhase;
			buildActionMask = 2147483647;
			files = (
				43E86C792A046BA500EC43CB /* LaunchScreen.storyboard in Resources */,
				43047B6B2A0475B400D104F1 /* SecondViewController.storyboard in Resources */,
				43E86C762A046BA500EC43CB /* Assets.xcassets in Resources */,
				43E86C742A046BA400EC43CB /* Main.storyboard in Resources */,
			);
			runOnlyForDeploymentPostprocessing = 0;
		};
/* End PBXResourcesBuildPhase section */

/* Begin PBXSourcesBuildPhase section */
		43E86C652A046BA400EC43CB /* Sources */ = {
			isa = PBXSourcesBuildPhase;
			buildActionMask = 2147483647;
			files = (
				43047B6D2A0475C200D104F1 /* SecondViewController.swift in Sources */,
				43E86C712A046BA400EC43CB /* ViewController.swift in Sources */,
				43E86C6D2A046BA400EC43CB /* AppDelegate.swift in Sources */,
				43E86C6F2A046BA400EC43CB /* SceneDelegate.swift in Sources */,
			);
			runOnlyForDeploymentPostprocessing = 0;
		};
/* End PBXSourcesBuildPhase section */

/* Begin PBXVariantGroup section */
		43E86C722A046BA400EC43CB /* Main.storyboard */ = {
			isa = PBXVariantGroup;
			children = (
				43E86C732A046BA400EC43CB /* Base */,
			);
			name = Main.storyboard;
			sourceTree = "<group>";
		};
		43E86C772A046BA500EC43CB /* LaunchScreen.storyboard */ = {
			isa = PBXVariantGroup;
			children = (
				43E86C782A046BA500EC43CB /* Base */,
			);
			name = LaunchScreen.storyboard;
			sourceTree = "<group>";
		};
/* End PBXVariantGroup section */

/* Begin XCBuildConfiguration section */
		43E86C7B2A046BA500EC43CB /* Debug */ = {
			isa = XCBuildConfiguration;
			buildSettings = {
				ALWAYS_SEARCH_USER_PATHS = NO;
				CLANG_ANALYZER_NONNULL = YES;
				CLANG_ANALYZER_NUMBER_OBJECT_CONVERSION = YES_AGGRESSIVE;
				CLANG_CXX_LANGUAGE_STANDARD = "gnu++20";
				CLANG_ENABLE_MODULES = YES;
				CLANG_ENABLE_OBJC_ARC = YES;
				CLANG_ENABLE_OBJC_WEAK = YES;
				CLANG_WARN_BLOCK_CAPTURE_AUTORELEASING = YES;
				CLANG_WARN_BOOL_CONVERSION = YES;
				CLANG_WARN_COMMA = YES;
				CLANG_WARN_CONSTANT_CONVERSION = YES;
				CLANG_WARN_DEPRECATED_OBJC_IMPLEMENTATIONS = YES;
				CLANG_WARN_DIRECT_OBJC_ISA_USAGE = YES_ERROR;
				CLANG_WARN_DOCUMENTATION_COMMENTS = YES;
				CLANG_WARN_EMPTY_BODY = YES;
				CLANG_WARN_ENUM_CONVERSION = YES;
				CLANG_WARN_INFINITE_RECURSION = YES;
				CLANG_WARN_INT_CONVERSION = YES;
				CLANG_WARN_NON_LITERAL_NULL_CONVERSION = YES;
				CLANG_WARN_OBJC_IMPLICIT_RETAIN_SELF = YES;
				CLANG_WARN_OBJC_LITERAL_CONVERSION = YES;
				CLANG_WARN_OBJC_ROOT_CLASS = YES_ERROR;
				CLANG_WARN_QUOTED_INCLUDE_IN_FRAMEWORK_HEADER = YES;
				CLANG_WARN_RANGE_LOOP_ANALYSIS = YES;
				CLANG_WARN_STRICT_PROTOTYPES = YES;
				CLANG_WARN_SUSPICIOUS_MOVE = YES;
				CLANG_WARN_UNGUARDED_AVAILABILITY = YES_AGGRESSIVE;
				CLANG_WARN_UNREACHABLE_CODE = YES;
				CLANG_WARN__DUPLICATE_METHOD_MATCH = YES;
				COPY_PHASE_STRIP = NO;
				DEBUG_INFORMATION_FORMAT = dwarf;
				ENABLE_STRICT_OBJC_MSGSEND = YES;
				ENABLE_TESTABILITY = YES;
				GCC_C_LANGUAGE_STANDARD = gnu11;
				GCC_DYNAMIC_NO_PIC = NO;
				GCC_NO_COMMON_BLOCKS = YES;
				GCC_OPTIMIZATION_LEVEL = 0;
				GCC_PREPROCESSOR_DEFINITIONS = (
					"DEBUG=1",
					"$(inherited)",
				);
				GCC_WARN_64_TO_32_BIT_CONVERSION = YES;
				GCC_WARN_ABOUT_RETURN_TYPE = YES_ERROR;
				GCC_WARN_UNDECLARED_SELECTOR = YES;
				GCC_WARN_UNINITIALIZED_AUTOS = YES_AGGRESSIVE;
				GCC_WARN_UNUSED_FUNCTION = YES;
				GCC_WARN_UNUSED_VARIABLE = YES;
				IPHONEOS_DEPLOYMENT_TARGET = 16.2;
				MTL_ENABLE_DEBUG_INFO = INCLUDE_SOURCE;
				MTL_FAST_MATH = YES;
				ONLY_ACTIVE_ARCH = YES;
				SDKROOT = iphoneos;
				SWIFT_ACTIVE_COMPILATION_CONDITIONS = DEBUG;
				SWIFT_OPTIMIZATION_LEVEL = "-Onone";
			};
			name = Debug;
		};
		43E86C7C2A046BA500EC43CB /* Release */ = {
			isa = XCBuildConfiguration;
			buildSettings = {
				ALWAYS_SEARCH_USER_PATHS = NO;
				CLANG_ANALYZER_NONNULL = YES;
				CLANG_ANALYZER_NUMBER_OBJECT_CONVERSION = YES_AGGRESSIVE;
				CLANG_CXX_LANGUAGE_STANDARD = "gnu++20";
				CLANG_ENABLE_MODULES = YES;
				CLANG_ENABLE_OBJC_ARC = YES;
				CLANG_ENABLE_OBJC_WEAK = YES;
				CLANG_WARN_BLOCK_CAPTURE_AUTORELEASING = YES;
				CLANG_WARN_BOOL_CONVERSION = YES;
				CLANG_WARN_COMMA = YES;
				CLANG_WARN_CONSTANT_CONVERSION = YES;
				CLANG_WARN_DEPRECATED_OBJC_IMPLEMENTATIONS = YES;
				CLANG_WARN_DIRECT_OBJC_ISA_USAGE = YES_ERROR;
				CLANG_WARN_DOCUMENTATION_COMMENTS = YES;
				CLANG_WARN_EMPTY_BODY = YES;
				CLANG_WARN_ENUM_CONVERSION = YES;
				CLANG_WARN_INFINITE_RECURSION = YES;
				CLANG_WARN_INT_CONVERSION = YES;
				CLANG_WARN_NON_LITERAL_NULL_CONVERSION = YES;
				CLANG_WARN_OBJC_IMPLICIT_RETAIN_SELF = YES;
				CLANG_WARN_OBJC_LITERAL_CONVERSION = YES;
				CLANG_WARN_OBJC_ROOT_CLASS = YES_ERROR;
				CLANG_WARN_QUOTED_INCLUDE_IN_FRAMEWORK_HEADER = YES;
				CLANG_WARN_RANGE_LOOP_ANALYSIS = YES;
				CLANG_WARN_STRICT_PROTOTYPES = YES;
				CLANG_WARN_SUSPICIOUS_MOVE = YES;
				CLANG_WARN_UNGUARDED_AVAILABILITY = YES_AGGRESSIVE;
				CLANG_WARN_UNREACHABLE_CODE = YES;
				CLANG_WARN__DUPLICATE_METHOD_MATCH = YES;
				COPY_PHASE_STRIP = NO;
				DEBUG_INFORMATION_FORMAT = "dwarf-with-dsym";
				ENABLE_NS_ASSERTIONS = NO;
				ENABLE_STRICT_OBJC_MSGSEND = YES;
				GCC_C_LANGUAGE_STANDARD = gnu11;
				GCC_NO_COMMON_BLOCKS = YES;
				GCC_WARN_64_TO_32_BIT_CONVERSION = YES;
				GCC_WARN_ABOUT_RETURN_TYPE = YES_ERROR;
				GCC_WARN_UNDECLARED_SELECTOR = YES;
				GCC_WARN_UNINITIALIZED_AUTOS = YES_AGGRESSIVE;
				GCC_WARN_UNUSED_FUNCTION = YES;
				GCC_WARN_UNUSED_VARIABLE = YES;
				IPHONEOS_DEPLOYMENT_TARGET = 16.2;
				MTL_ENABLE_DEBUG_INFO = NO;
				MTL_FAST_MATH = YES;
				SDKROOT = iphoneos;
				SWIFT_COMPILATION_MODE = wholemodule;
				SWIFT_OPTIMIZATION_LEVEL = "-O";
				VALIDATE_PRODUCT = YES;
			};
			name = Release;
		};
		43E86C7E2A046BA500EC43CB /* Debug */ = {
			isa = XCBuildConfiguration;
			buildSettings = {
				ASSETCATALOG_COMPILER_APPICON_NAME = AppIcon;
				ASSETCATALOG_COMPILER_GLOBAL_ACCENT_COLOR_NAME = AccentColor;
				CODE_SIGN_STYLE = Automatic;
				CURRENT_PROJECT_VERSION = 1;
				DEVELOPMENT_TEAM = H23T9FBM6Q;
				GENERATE_INFOPLIST_FILE = YES;
				INFOPLIST_FILE = NotificationCenterAndProtocol/Info.plist;
				INFOPLIST_KEY_UIApplicationSupportsIndirectInputEvents = YES;
				INFOPLIST_KEY_UILaunchStoryboardName = LaunchScreen;
				INFOPLIST_KEY_UIMainStoryboardFile = Main;
				INFOPLIST_KEY_UISupportedInterfaceOrientations_iPad = "UIInterfaceOrientationPortrait UIInterfaceOrientationPortraitUpsideDown UIInterfaceOrientationLandscapeLeft UIInterfaceOrientationLandscapeRight";
				INFOPLIST_KEY_UISupportedInterfaceOrientations_iPhone = "UIInterfaceOrientationPortrait UIInterfaceOrientationLandscapeLeft UIInterfaceOrientationLandscapeRight";
				LD_RUNPATH_SEARCH_PATHS = (
					"$(inherited)",
					"@executable_path/Frameworks",
				);
				MARKETING_VERSION = 1.0;
				PRODUCT_BUNDLE_IDENTIFIER = br.com.eduescaleira.NotificationCenterAndProtocol;
				PRODUCT_NAME = "$(TARGET_NAME)";
				SWIFT_EMIT_LOC_STRINGS = YES;
				SWIFT_VERSION = 5.0;
				TARGETED_DEVICE_FAMILY = "1,2";
			};
			name = Debug;
		};
		43E86C7F2A046BA500EC43CB /* Release */ = {
			isa = XCBuildConfiguration;
			buildSettings = {
				ASSETCATALOG_COMPILER_APPICON_NAME = AppIcon;
				ASSETCATALOG_COMPILER_GLOBAL_ACCENT_COLOR_NAME = AccentColor;
				CODE_SIGN_STYLE = Automatic;
				CURRENT_PROJECT_VERSION = 1;
				DEVELOPMENT_TEAM = H23T9FBM6Q;
				GENERATE_INFOPLIST_FILE = YES;
				INFOPLIST_FILE = NotificationCenterAndProtocol/Info.plist;
				INFOPLIST_KEY_UIApplicationSupportsIndirectInputEvents = YES;
				INFOPLIST_KEY_UILaunchStoryboardName = LaunchScreen;
				INFOPLIST_KEY_UIMainStoryboardFile = Main;
				INFOPLIST_KEY_UISupportedInterfaceOrientations_iPad = "UIInterfaceOrientationPortrait UIInterfaceOrientationPortraitUpsideDown UIInterfaceOrientationLandscapeLeft UIInterfaceOrientationLandscapeRight";
				INFOPLIST_KEY_UISupportedInterfaceOrientations_iPhone = "UIInterfaceOrientationPortrait UIInterfaceOrientationLandscapeLeft UIInterfaceOrientationLandscapeRight";
				LD_RUNPATH_SEARCH_PATHS = (
					"$(inherited)",
					"@executable_path/Frameworks",
				);
				MARKETING_VERSION = 1.0;
				PRODUCT_BUNDLE_IDENTIFIER = br.com.eduescaleira.NotificationCenterAndProtocol;
				PRODUCT_NAME = "$(TARGET_NAME)";
				SWIFT_EMIT_LOC_STRINGS = YES;
				SWIFT_VERSION = 5.0;
				TARGETED_DEVICE_FAMILY = "1,2";
			};
			name = Release;
		};
/* End XCBuildConfiguration section */

/* Begin XCConfigurationList section */
		43E86C642A046BA400EC43CB /* Build configuration list for PBXProject "NotificationCenterAndProtocol" */ = {
			isa = XCConfigurationList;
			buildConfigurations = (
				43E86C7B2A046BA500EC43CB /* Debug */,
				43E86C7C2A046BA500EC43CB /* Release */,
			);
			defaultConfigurationIsVisible = 0;
			defaultConfigurationName = Release;
		};
		43E86C7D2A046BA500EC43CB /* Build configuration list for PBXNativeTarget "NotificationCenterAndProtocol" */ = {
			isa = XCConfigurationList;
			buildConfigurations = (
				43E86C7E2A046BA500EC43CB /* Debug */,
				43E86C7F2A046BA500EC43CB /* Release */,
			);
			defaultConfigurationIsVisible = 0;
			defaultConfigurationName = Release;
		};
/* End XCConfigurationList section */
	};
	rootObject = 43E86C612A046BA400EC43CB /* Project object */;
}
