// !$*UTF8*$!
{
	archiveVersion = 1;
	classes = {
	};
	objectVersion = 56;
	objects = {

/* Begin PBXBuildFile section */
		43BE0C3629DE14B6001B5963 /* AppDelegate.swift in Sources */ = {isa = PBXBuildFile; fileRef = 43BE0C3529DE14B6001B5963 /* AppDelegate.swift */; };
		43BE0C3829DE14B7001B5963 /* SceneDelegate.swift in Sources */ = {isa = PBXBuildFile; fileRef = 43BE0C3729DE14B7001B5963 /* SceneDelegate.swift */; };
		43BE0C3A29DE14B7001B5963 /* ViewController.swift in Sources */ = {isa = PBXBuildFile; fileRef = 43BE0C3929DE14B7001B5963 /* ViewController.swift */; };
		43BE0C3D29DE14B7001B5963 /* Main.storyboard in Resources */ = {isa = PBXBuildFile; fileRef = 43BE0C3B29DE14B7001B5963 /* Main.storyboard */; };
		43BE0C3F29DE14B8001B5963 /* Assets.xcassets in Resources */ = {isa = PBXBuildFile; fileRef = 43BE0C3E29DE14B8001B5963 /* Assets.xcassets */; };
		43BE0C4229DE14B8001B5963 /* LaunchScreen.storyboard in Resources */ = {isa = PBXBuildFile; fileRef = 43BE0C4029DE14B8001B5963 /* LaunchScreen.storyboard */; };
		43BE0C4B29DE1504001B5963 /* SecondScreenViewController.storyboard in Resources */ = {isa = PBXBuildFile; fileRef = 43BE0C4A29DE1504001B5963 /* SecondScreenViewController.storyboard */; };
		43BE0C4D29DE1511001B5963 /* SecondScreenViewController.swift in Sources */ = {isa = PBXBuildFile; fileRef = 43BE0C4C29DE1510001B5963 /* SecondScreenViewController.swift */; };
/* End PBXBuildFile section */

/* Begin PBXFileReference section */
		43BE0C3229DE14B6001B5963 /* ModalProgramatically.app */ = {isa = PBXFileReference; explicitFileType = wrapper.application; includeInIndex = 0; path = ModalProgramatically.app; sourceTree = BUILT_PRODUCTS_DIR; };
		43BE0C3529DE14B6001B5963 /* AppDelegate.swift */ = {isa = PBXFileReference; lastKnownFileType = sourcecode.swift; path = AppDelegate.swift; sourceTree = "<group>"; };
		43BE0C3729DE14B7001B5963 /* SceneDelegate.swift */ = {isa = PBXFileReference; lastKnownFileType = sourcecode.swift; path = SceneDelegate.swift; sourceTree = "<group>"; };
		43BE0C3929DE14B7001B5963 /* ViewController.swift */ = {isa = PBXFileReference; lastKnownFileType = sourcecode.swift; path = ViewController.swift; sourceTree = "<group>"; };
		43BE0C3C29DE14B7001B5963 /* Base */ = {isa = PBXFileReference; lastKnownFileType = file.storyboard; name = Base; path = Base.lproj/Main.storyboard; sourceTree = "<group>"; };
		43BE0C3E29DE14B8001B5963 /* Assets.xcassets */ = {isa = PBXFileReference; lastKnownFileType = folder.assetcatalog; path = Assets.xcassets; sourceTree = "<group>"; };
		43BE0C4129DE14B8001B5963 /* Base */ = {isa = PBXFileReference; lastKnownFileType = file.storyboard; name = Base; path = Base.lproj/LaunchScreen.storyboard; sourceTree = "<group>"; };
		43BE0C4329DE14B8001B5963 /* Info.plist */ = {isa = PBXFileReference; lastKnownFileType = text.plist.xml; path = Info.plist; sourceTree = "<group>"; };
		43BE0C4A29DE1504001B5963 /* SecondScreenViewController.storyboard */ = {isa = PBXFileReference; lastKnownFileType = file.storyboard; path = SecondScreenViewController.storyboard; sourceTree = "<group>"; };
		43BE0C4C29DE1510001B5963 /* SecondScreenViewController.swift */ = {isa = PBXFileReference; lastKnownFileType = sourcecode.swift; path = SecondScreenViewController.swift; sourceTree = "<group>"; };
/* End PBXFileReference section */

/* Begin PBXFrameworksBuildPhase section */
		43BE0C2F29DE14B6001B5963 /* Frameworks */ = {
			isa = PBXFrameworksBuildPhase;
			buildActionMask = 2147483647;
			files = (
			);
			runOnlyForDeploymentPostprocessing = 0;
		};
/* End PBXFrameworksBuildPhase section */

/* Begin PBXGroup section */
		43BE0C2929DE14B6001B5963 = {
			isa = PBXGroup;
			children = (
				43BE0C3429DE14B6001B5963 /* ModalProgramatically */,
				43BE0C3329DE14B6001B5963 /* Products */,
			);
			sourceTree = "<group>";
		};
		43BE0C3329DE14B6001B5963 /* Products */ = {
			isa = PBXGroup;
			children = (
				43BE0C3229DE14B6001B5963 /* ModalProgramatically.app */,
			);
			name = Products;
			sourceTree = "<group>";
		};
		43BE0C3429DE14B6001B5963 /* ModalProgramatically */ = {
			isa = PBXGroup;
			children = (
				43BE0C4929DE14F9001B5963 /* SecondScreenViewController */,
				43BE0C3529DE14B6001B5963 /* AppDelegate.swift */,
				43BE0C3729DE14B7001B5963 /* SceneDelegate.swift */,
				43BE0C3929DE14B7001B5963 /* ViewController.swift */,
				43BE0C3B29DE14B7001B5963 /* Main.storyboard */,
				43BE0C3E29DE14B8001B5963 /* Assets.xcassets */,
				43BE0C4029DE14B8001B5963 /* LaunchScreen.storyboard */,
				43BE0C4329DE14B8001B5963 /* Info.plist */,
			);
			path = ModalProgramatically;
			sourceTree = "<group>";
		};
		43BE0C4929DE14F9001B5963 /* SecondScreenViewController */ = {
			isa = PBXGroup;
			children = (
				43BE0C4A29DE1504001B5963 /* SecondScreenViewController.storyboard */,
				43BE0C4C29DE1510001B5963 /* SecondScreenViewController.swift */,
			);
			path = SecondScreenViewController;
			sourceTree = "<group>";
		};
/* End PBXGroup section */

/* Begin PBXNativeTarget section */
		43BE0C3129DE14B6001B5963 /* ModalProgramatically */ = {
			isa = PBXNativeTarget;
			buildConfigurationList = 43BE0C4629DE14B8001B5963 /* Build configuration list for PBXNativeTarget "ModalProgramatically" */;
			buildPhases = (
				43BE0C2E29DE14B6001B5963 /* Sources */,
				43BE0C2F29DE14B6001B5963 /* Frameworks */,
				43BE0C3029DE14B6001B5963 /* Resources */,
			);
			buildRules = (
			);
			dependencies = (
			);
			name = ModalProgramatically;
			productName = ModalProgramatically;
			productReference = 43BE0C3229DE14B6001B5963 /* ModalProgramatically.app */;
			productType = "com.apple.product-type.application";
		};
/* End PBXNativeTarget section */

/* Begin PBXProject section */
		43BE0C2A29DE14B6001B5963 /* Project object */ = {
			isa = PBXProject;
			attributes = {
				BuildIndependentTargetsInParallel = 1;
				LastSwiftUpdateCheck = 1420;
				LastUpgradeCheck = 1420;
				TargetAttributes = {
					43BE0C3129DE14B6001B5963 = {
						CreatedOnToolsVersion = 14.2;
					};
				};
			};
			buildConfigurationList = 43BE0C2D29DE14B6001B5963 /* Build configuration list for PBXProject "ModalProgramatically" */;
			compatibilityVersion = "Xcode 14.0";
			developmentRegion = en;
			hasScannedForEncodings = 0;
			knownRegions = (
				en,
				Base,
			);
			mainGroup = 43BE0C2929DE14B6001B5963;
			productRefGroup = 43BE0C3329DE14B6001B5963 /* Products */;
			projectDirPath = "";
			projectRoot = "";
			targets = (
				43BE0C3129DE14B6001B5963 /* ModalProgramatically */,
			);
		};
/* End PBXProject section */

/* Begin PBXResourcesBuildPhase section */
		43BE0C3029DE14B6001B5963 /* Resources */ = {
			isa = PBXResourcesBuildPhase;
			buildActionMask = 2147483647;
			files = (
				43BE0C4229DE14B8001B5963 /* LaunchScreen.storyboard in Resources */,
				43BE0C3F29DE14B8001B5963 /* Assets.xcassets in Resources */,
				43BE0C3D29DE14B7001B5963 /* Main.storyboard in Resources */,
				43BE0C4B29DE1504001B5963 /* SecondScreenViewController.storyboard in Resources */,
			);
			runOnlyForDeploymentPostprocessing = 0;
		};
/* End PBXResourcesBuildPhase section */

/* Begin PBXSourcesBuildPhase section */
		43BE0C2E29DE14B6001B5963 /* Sources */ = {
			isa = PBXSourcesBuildPhase;
			buildActionMask = 2147483647;
			files = (
				43BE0C4D29DE1511001B5963 /* SecondScreenViewController.swift in Sources */,
				43BE0C3A29DE14B7001B5963 /* ViewController.swift in Sources */,
				43BE0C3629DE14B6001B5963 /* AppDelegate.swift in Sources */,
				43BE0C3829DE14B7001B5963 /* SceneDelegate.swift in Sources */,
			);
			runOnlyForDeploymentPostprocessing = 0;
		};
/* End PBXSourcesBuildPhase section */

/* Begin PBXVariantGroup section */
		43BE0C3B29DE14B7001B5963 /* Main.storyboard */ = {
			isa = PBXVariantGroup;
			children = (
				43BE0C3C29DE14B7001B5963 /* Base */,
			);
			name = Main.storyboard;
			sourceTree = "<group>";
		};
		43BE0C4029DE14B8001B5963 /* LaunchScreen.storyboard */ = {
			isa = PBXVariantGroup;
			children = (
				43BE0C4129DE14B8001B5963 /* Base */,
			);
			name = LaunchScreen.storyboard;
			sourceTree = "<group>";
		};
/* End PBXVariantGroup section */

/* Begin XCBuildConfiguration section */
		43BE0C4429DE14B8001B5963 /* Debug */ = {
			isa = XCBuildConfiguration;
			buildSettings = {
				ALWAYS_SEARCH_USER_PATHS = NO;
				CLANG_ANALYZER_NONNULL = YES;
				CLANG_ANALYZER_NUMBER_OBJECT_CONVERSION = YES_AGGRESSIVE;
				CLANG_CXX_LANGUAGE_STANDARD = "gnu++20";
				CLANG_ENABLE_MODULES = YES;
				CLANG_ENABLE_OBJC_ARC = YES;
				CLANG_ENABLE_OBJC_WEAK = YES;
				CLANG_WARN_BLOCK_CAPTURE_AUTORELEASING = YES;
				CLANG_WARN_BOOL_CONVERSION = YES;
				CLANG_WARN_COMMA = YES;
				CLANG_WARN_CONSTANT_CONVERSION = YES;
				CLANG_WARN_DEPRECATED_OBJC_IMPLEMENTATIONS = YES;
				CLANG_WARN_DIRECT_OBJC_ISA_USAGE = YES_ERROR;
				CLANG_WARN_DOCUMENTATION_COMMENTS = YES;
				CLANG_WARN_EMPTY_BODY = YES;
				CLANG_WARN_ENUM_CONVERSION = YES;
				CLANG_WARN_INFINITE_RECURSION = YES;
				CLANG_WARN_INT_CONVERSION = YES;
				CLANG_WARN_NON_LITERAL_NULL_CONVERSION = YES;
				CLANG_WARN_OBJC_IMPLICIT_RETAIN_SELF = YES;
				CLANG_WARN_OBJC_LITERAL_CONVERSION = YES;
				CLANG_WARN_OBJC_ROOT_CLASS = YES_ERROR;
				CLANG_WARN_QUOTED_INCLUDE_IN_FRAMEWORK_HEADER = YES;
				CLANG_WARN_RANGE_LOOP_ANALYSIS = YES;
				CLANG_WARN_STRICT_PROTOTYPES = YES;
				CLANG_WARN_SUSPICIOUS_MOVE = YES;
				CLANG_WARN_UNGUARDED_AVAILABILITY = YES_AGGRESSIVE;
				CLANG_WARN_UNREACHABLE_CODE = YES;
				CLANG_WARN__DUPLICATE_METHOD_MATCH = YES;
				COPY_PHASE_STRIP = NO;
				DEBUG_INFORMATION_FORMAT = dwarf;
				ENABLE_STRICT_OBJC_MSGSEND = YES;
				ENABLE_TESTABILITY = YES;
				GCC_C_LANGUAGE_STANDARD = gnu11;
				GCC_DYNAMIC_NO_PIC = NO;
				GCC_NO_COMMON_BLOCKS = YES;
				GCC_OPTIMIZATION_LEVEL = 0;
				GCC_PREPROCESSOR_DEFINITIONS = (
					"DEBUG=1",
					"$(inherited)",
				);
				GCC_WARN_64_TO_32_BIT_CONVERSION = YES;
				GCC_WARN_ABOUT_RETURN_TYPE = YES_ERROR;
				GCC_WARN_UNDECLARED_SELECTOR = YES;
				GCC_WARN_UNINITIALIZED_AUTOS = YES_AGGRESSIVE;
				GCC_WARN_UNUSED_FUNCTION = YES;
				GCC_WARN_UNUSED_VARIABLE = YES;
				IPHONEOS_DEPLOYMENT_TARGET = 16.2;
				MTL_ENABLE_DEBUG_INFO = INCLUDE_SOURCE;
				MTL_FAST_MATH = YES;
				ONLY_ACTIVE_ARCH = YES;
				SDKROOT = iphoneos;
				SWIFT_ACTIVE_COMPILATION_CONDITIONS = DEBUG;
				SWIFT_OPTIMIZATION_LEVEL = "-Onone";
			};
			name = Debug;
		};
		43BE0C4529DE14B8001B5963 /* Release */ = {
			isa = XCBuildConfiguration;
			buildSettings = {
				ALWAYS_SEARCH_USER_PATHS = NO;
				CLANG_ANALYZER_NONNULL = YES;
				CLANG_ANALYZER_NUMBER_OBJECT_CONVERSION = YES_AGGRESSIVE;
				CLANG_CXX_LANGUAGE_STANDARD = "gnu++20";
				CLANG_ENABLE_MODULES = YES;
				CLANG_ENABLE_OBJC_ARC = YES;
				CLANG_ENABLE_OBJC_WEAK = YES;
				CLANG_WARN_BLOCK_CAPTURE_AUTORELEASING = YES;
				CLANG_WARN_BOOL_CONVERSION = YES;
				CLANG_WARN_COMMA = YES;
				CLANG_WARN_CONSTANT_CONVERSION = YES;
				CLANG_WARN_DEPRECATED_OBJC_IMPLEMENTATIONS = YES;
				CLANG_WARN_DIRECT_OBJC_ISA_USAGE = YES_ERROR;
				CLANG_WARN_DOCUMENTATION_COMMENTS = YES;
				CLANG_WARN_EMPTY_BODY = YES;
				CLANG_WARN_ENUM_CONVERSION = YES;
				CLANG_WARN_INFINITE_RECURSION = YES;
				CLANG_WARN_INT_CONVERSION = YES;
				CLANG_WARN_NON_LITERAL_NULL_CONVERSION = YES;
				CLANG_WARN_OBJC_IMPLICIT_RETAIN_SELF = YES;
				CLANG_WARN_OBJC_LITERAL_CONVERSION = YES;
				CLANG_WARN_OBJC_ROOT_CLASS = YES_ERROR;
				CLANG_WARN_QUOTED_INCLUDE_IN_FRAMEWORK_HEADER = YES;
				CLANG_WARN_RANGE_LOOP_ANALYSIS = YES;
				CLANG_WARN_STRICT_PROTOTYPES = YES;
				CLANG_WARN_SUSPICIOUS_MOVE = YES;
				CLANG_WARN_UNGUARDED_AVAILABILITY = YES_AGGRESSIVE;
				CLANG_WARN_UNREACHABLE_CODE = YES;
				CLANG_WARN__DUPLICATE_METHOD_MATCH = YES;
				COPY_PHASE_STRIP = NO;
				DEBUG_INFORMATION_FORMAT = "dwarf-with-dsym";
				ENABLE_NS_ASSERTIONS = NO;
				ENABLE_STRICT_OBJC_MSGSEND = YES;
				GCC_C_LANGUAGE_STANDARD = gnu11;
				GCC_NO_COMMON_BLOCKS = YES;
				GCC_WARN_64_TO_32_BIT_CONVERSION = YES;
				GCC_WARN_ABOUT_RETURN_TYPE = YES_ERROR;
				GCC_WARN_UNDECLARED_SELECTOR = YES;
				GCC_WARN_UNINITIALIZED_AUTOS = YES_AGGRESSIVE;
				GCC_WARN_UNUSED_FUNCTION = YES;
				GCC_WARN_UNUSED_VARIABLE = YES;
				IPHONEOS_DEPLOYMENT_TARGET = 16.2;
				MTL_ENABLE_DEBUG_INFO = NO;
				MTL_FAST_MATH = YES;
				SDKROOT = iphoneos;
				SWIFT_COMPILATION_MODE = wholemodule;
				SWIFT_OPTIMIZATION_LEVEL = "-O";
				VALIDATE_PRODUCT = YES;
			};
			name = Release;
		};
		43BE0C4729DE14B8001B5963 /* Debug */ = {
			isa = XCBuildConfiguration;
			buildSettings = {
				ASSETCATALOG_COMPILER_APPICON_NAME = AppIcon;
				ASSETCATALOG_COMPILER_GLOBAL_ACCENT_COLOR_NAME = AccentColor;
				CODE_SIGN_STYLE = Automatic;
				CURRENT_PROJECT_VERSION = 1;
				DEVELOPMENT_TEAM = H23T9FBM6Q;
				GENERATE_INFOPLIST_FILE = YES;
				INFOPLIST_FILE = ModalProgramatically/Info.plist;
				INFOPLIST_KEY_UIApplicationSupportsIndirectInputEvents = YES;
				INFOPLIST_KEY_UILaunchStoryboardName = LaunchScreen;
				INFOPLIST_KEY_UIMainStoryboardFile = Main;
				INFOPLIST_KEY_UISupportedInterfaceOrientations_iPad = "UIInterfaceOrientationPortrait UIInterfaceOrientationPortraitUpsideDown UIInterfaceOrientationLandscapeLeft UIInterfaceOrientationLandscapeRight";
				INFOPLIST_KEY_UISupportedInterfaceOrientations_iPhone = "UIInterfaceOrientationPortrait UIInterfaceOrientationLandscapeLeft UIInterfaceOrientationLandscapeRight";
				LD_RUNPATH_SEARCH_PATHS = (
					"$(inherited)",
					"@executable_path/Frameworks",
				);
				MARKETING_VERSION = 1.0;
				PRODUCT_BUNDLE_IDENTIFIER = br.com.eduescaleira.ModalProgramatically;
				PRODUCT_NAME = "$(TARGET_NAME)";
				SWIFT_EMIT_LOC_STRINGS = YES;
				SWIFT_VERSION = 5.0;
				TARGETED_DEVICE_FAMILY = "1,2";
			};
			name = Debug;
		};
		43BE0C4829DE14B8001B5963 /* Release */ = {
			isa = XCBuildConfiguration;
			buildSettings = {
				ASSETCATALOG_COMPILER_APPICON_NAME = AppIcon;
				ASSETCATALOG_COMPILER_GLOBAL_ACCENT_COLOR_NAME = AccentColor;
				CODE_SIGN_STYLE = Automatic;
				CURRENT_PROJECT_VERSION = 1;
				DEVELOPMENT_TEAM = H23T9FBM6Q;
				GENERATE_INFOPLIST_FILE = YES;
				INFOPLIST_FILE = ModalProgramatically/Info.plist;
				INFOPLIST_KEY_UIApplicationSupportsIndirectInputEvents = YES;
				INFOPLIST_KEY_UILaunchStoryboardName = LaunchScreen;
				INFOPLIST_KEY_UIMainStoryboardFile = Main;
				INFOPLIST_KEY_UISupportedInterfaceOrientations_iPad = "UIInterfaceOrientationPortrait UIInterfaceOrientationPortraitUpsideDown UIInterfaceOrientationLandscapeLeft UIInterfaceOrientationLandscapeRight";
				INFOPLIST_KEY_UISupportedInterfaceOrientations_iPhone = "UIInterfaceOrientationPortrait UIInterfaceOrientationLandscapeLeft UIInterfaceOrientationLandscapeRight";
				LD_RUNPATH_SEARCH_PATHS = (
					"$(inherited)",
					"@executable_path/Frameworks",
				);
				MARKETING_VERSION = 1.0;
				PRODUCT_BUNDLE_IDENTIFIER = br.com.eduescaleira.ModalProgramatically;
				PRODUCT_NAME = "$(TARGET_NAME)";
				SWIFT_EMIT_LOC_STRINGS = YES;
				SWIFT_VERSION = 5.0;
				TARGETED_DEVICE_FAMILY = "1,2";
			};
			name = Release;
		};
/* End XCBuildConfiguration section */

/* Begin XCConfigurationList section */
		43BE0C2D29DE14B6001B5963 /* Build configuration list for PBXProject "ModalProgramatically" */ = {
			isa = XCConfigurationList;
			buildConfigurations = (
				43BE0C4429DE14B8001B5963 /* Debug */,
				43BE0C4529DE14B8001B5963 /* Release */,
			);
			defaultConfigurationIsVisible = 0;
			defaultConfigurationName = Release;
		};
		43BE0C4629DE14B8001B5963 /* Build configuration list for PBXNativeTarget "ModalProgramatically" */ = {
			isa = XCConfigurationList;
			buildConfigurations = (
				43BE0C4729DE14B8001B5963 /* Debug */,
				43BE0C4829DE14B8001B5963 /* Release */,
			);
			defaultConfigurationIsVisible = 0;
			defaultConfigurationName = Release;
		};
/* End XCConfigurationList section */
	};
	rootObject = 43BE0C2A29DE14B6001B5963 /* Project object */;
}
